PODS:
  - XCTest-Gherkin (0.19.1):
    - XCTest-Gherkin/Core (= 0.19.1)
  - XCTest-Gherkin/Core (0.19.1)

DEPENDENCIES:
  - XCTest-Gherkin

SPEC REPOS:
  https://github.com/cocoapods/specs.git:
    - XCTest-Gherkin

SPEC CHECKSUMS:
  XCTest-Gherkin: f7cb7e6407a9196fdef068aed0becc321ef0b812

PODFILE CHECKSUM: db29d2d04ea0f2ae522be9f084174162d6d2c0f8

COCOAPODS: 1.7.3
