PODS:
  - XCTest-Gherkin (0.19.1):
    - XCTest-Gherkin/Core (= 0.19.1)
  - XCTest-Gherkin/Core (0.19.1)

DEPENDENCIES:
  - XCTest-Gherkin

SPEC REPOS:
  trunk:
    - XCTest-Gherkin

SPEC CHECKSUMS:
  XCTest-Gherkin: f7cb7e6407a9196fdef068aed0becc321ef0b812

PODFILE CHECKSUM: f0350059d83e01d34a13590c36991d08c179195a

COCOAPODS: 1.11.3
