// !$*UTF8*$!
{
	archiveVersion = 1;
	classes = {
	};
	objectVersion = 51;
	objects = {

/* Begin PBXBuildFile section */
		447362EDBCD00ED7D3B5805D /* Pods_ExampleUI_ExampleUIUITests.framework in Frameworks */ = {isa = PBXBuildFile; fileRef = 017C5FCFC78B200FB11AAF70 /* Pods_ExampleUI_ExampleUIUITests.framework */; };
		492673953B8A3B50B6FB0211 /* Pods_ExampleUI.framework in Frameworks */ = {isa = PBXBuildFile; fileRef = A1384986AB0BD3AC07F42F92 /* Pods_ExampleUI.framework */; };
		D87ACE8D22D378C200C5D6D6 /* AppDelegate.swift in Sources */ = {isa = PBXBuildFile; fileRef = D87ACE8C22D378C200C5D6D6 /* AppDelegate.swift */; };
		D87ACE8F22D378C200C5D6D6 /* FirstViewController.swift in Sources */ = {isa = PBXBuildFile; fileRef = D87ACE8E22D378C200C5D6D6 /* FirstViewController.swift */; };
		D87ACE9122D378C200C5D6D6 /* SecondViewController.swift in Sources */ = {isa = PBXBuildFile; fileRef = D87ACE9022D378C200C5D6D6 /* SecondViewController.swift */; };
		D87ACE9422D378C200C5D6D6 /* Main.storyboard in Resources */ = {isa = PBXBuildFile; fileRef = D87ACE9222D378C200C5D6D6 /* Main.storyboard */; };
		D87ACE9622D378C300C5D6D6 /* Assets.xcassets in Resources */ = {isa = PBXBuildFile; fileRef = D87ACE9522D378C300C5D6D6 /* Assets.xcassets */; };
		D87ACE9922D378C300C5D6D6 /* LaunchScreen.storyboard in Resources */ = {isa = PBXBuildFile; fileRef = D87ACE9722D378C300C5D6D6 /* LaunchScreen.storyboard */; };
		D87ACEA422D378C300C5D6D6 /* ExampleTests.swift in Sources */ = {isa = PBXBuildFile; fileRef = D87ACEA322D378C300C5D6D6 /* ExampleTests.swift */; };
		D87ACEC022D39D1900C5D6D6 /* BaseExampleTests.swift in Sources */ = {isa = PBXBuildFile; fileRef = D87ACEBF22D39D1900C5D6D6 /* BaseExampleTests.swift */; };
		D87ACEC222D48D1D00C5D6D6 /* ExampleUITest.swift in Sources */ = {isa = PBXBuildFile; fileRef = D87ACEC122D48D1D00C5D6D6 /* ExampleUITest.swift */; };
		D87ACEC422D48D3500C5D6D6 /* ExampleGherkinTest.swift in Sources */ = {isa = PBXBuildFile; fileRef = D87ACEC322D48D3500C5D6D6 /* ExampleGherkinTest.swift */; };
		D87ACEC622D496B900C5D6D6 /* ExampleSteps.swift in Sources */ = {isa = PBXBuildFile; fileRef = D87ACEC522D496B900C5D6D6 /* ExampleSteps.swift */; };
		D87ACEC822D499F500C5D6D6 /* FirstScreen.swift in Sources */ = {isa = PBXBuildFile; fileRef = D87ACEC722D499F500C5D6D6 /* FirstScreen.swift */; };
		D87ACECA22D49C5900C5D6D6 /* ScreenBase.swift in Sources */ = {isa = PBXBuildFile; fileRef = D87ACEC922D49C5900C5D6D6 /* ScreenBase.swift */; };
		D87ACECC22D49FC400C5D6D6 /* SecondScreen.swift in Sources */ = {isa = PBXBuildFile; fileRef = D87ACECB22D49FC400C5D6D6 /* SecondScreen.swift */; };
		EF9BFB91598E5BC9832DEB9F /* Pods_ExampleUITests.framework in Frameworks */ = {isa = PBXBuildFile; fileRef = 16810B3EF728A13765D42FB1 /* Pods_ExampleUITests.framework */; };
/* End PBXBuildFile section */

/* Begin PBXContainerItemProxy section */
		D87ACEA022D378C300C5D6D6 /* PBXContainerItemProxy */ = {
			isa = PBXContainerItemProxy;
			containerPortal = D87ACE8122D378C200C5D6D6 /* Project object */;
			proxyType = 1;
			remoteGlobalIDString = D87ACE8822D378C200C5D6D6;
			remoteInfo = ExampleUI;
		};
		D87ACEAB22D378C300C5D6D6 /* PBXContainerItemProxy */ = {
			isa = PBXContainerItemProxy;
			containerPortal = D87ACE8122D378C200C5D6D6 /* Project object */;
			proxyType = 1;
			remoteGlobalIDString = D87ACE8822D378C200C5D6D6;
			remoteInfo = ExampleUI;
		};
/* End PBXContainerItemProxy section */

/* Begin PBXFileReference section */
		017C5FCFC78B200FB11AAF70 /* Pods_ExampleUI_ExampleUIUITests.framework */ = {isa = PBXFileReference; explicitFileType = wrapper.framework; includeInIndex = 0; path = Pods_ExampleUI_ExampleUIUITests.framework; sourceTree = BUILT_PRODUCTS_DIR; };
		1122679A02B83B707FEC6F1F /* Pods-ExampleUITests.debug.xcconfig */ = {isa = PBXFileReference; includeInIndex = 1; lastKnownFileType = text.xcconfig; name = "Pods-ExampleUITests.debug.xcconfig"; path = "Target Support Files/Pods-ExampleUITests/Pods-ExampleUITests.debug.xcconfig"; sourceTree = "<group>"; };
		14F72E516E341B1CDB1B06BE /* Pods-ExampleUI.release.xcconfig */ = {isa = PBXFileReference; includeInIndex = 1; lastKnownFileType = text.xcconfig; name = "Pods-ExampleUI.release.xcconfig"; path = "Target Support Files/Pods-ExampleUI/Pods-ExampleUI.release.xcconfig"; sourceTree = "<group>"; };
		16810B3EF728A13765D42FB1 /* Pods_ExampleUITests.framework */ = {isa = PBXFileReference; explicitFileType = wrapper.framework; includeInIndex = 0; path = Pods_ExampleUITests.framework; sourceTree = BUILT_PRODUCTS_DIR; };
		206323C208C664F2120A4701 /* Pods-ExampleUIUITests.debug.xcconfig */ = {isa = PBXFileReference; includeInIndex = 1; lastKnownFileType = text.xcconfig; name = "Pods-ExampleUIUITests.debug.xcconfig"; path = "Target Support Files/Pods-ExampleUIUITests/Pods-ExampleUIUITests.debug.xcconfig"; sourceTree = "<group>"; };
		35247C9F874BD1F8B0541B6A /* Pods-ExampleUI.debug.xcconfig */ = {isa = PBXFileReference; includeInIndex = 1; lastKnownFileType = text.xcconfig; name = "Pods-ExampleUI.debug.xcconfig"; path = "Target Support Files/Pods-ExampleUI/Pods-ExampleUI.debug.xcconfig"; sourceTree = "<group>"; };
		A1384986AB0BD3AC07F42F92 /* Pods_ExampleUI.framework */ = {isa = PBXFileReference; explicitFileType = wrapper.framework; includeInIndex = 0; path = Pods_ExampleUI.framework; sourceTree = BUILT_PRODUCTS_DIR; };
		A7E384111DA2AA787AF64543 /* Pods-ExampleUI-ExampleUIUITests.debug.xcconfig */ = {isa = PBXFileReference; includeInIndex = 1; lastKnownFileType = text.xcconfig; name = "Pods-ExampleUI-ExampleUIUITests.debug.xcconfig"; path = "Target Support Files/Pods-ExampleUI-ExampleUIUITests/Pods-ExampleUI-ExampleUIUITests.debug.xcconfig"; sourceTree = "<group>"; };
		C47D094B7C81989831367EA8 /* Pods-ExampleUI-ExampleUIUITests.release.xcconfig */ = {isa = PBXFileReference; includeInIndex = 1; lastKnownFileType = text.xcconfig; name = "Pods-ExampleUI-ExampleUIUITests.release.xcconfig"; path = "Target Support Files/Pods-ExampleUI-ExampleUIUITests/Pods-ExampleUI-ExampleUIUITests.release.xcconfig"; sourceTree = "<group>"; };
		D87ACE8922D378C200C5D6D6 /* ExampleUI.app */ = {isa = PBXFileReference; explicitFileType = wrapper.application; includeInIndex = 0; path = ExampleUI.app; sourceTree = BUILT_PRODUCTS_DIR; };
		D87ACE8C22D378C200C5D6D6 /* AppDelegate.swift */ = {isa = PBXFileReference; lastKnownFileType = sourcecode.swift; path = AppDelegate.swift; sourceTree = "<group>"; };
		D87ACE8E22D378C200C5D6D6 /* FirstViewController.swift */ = {isa = PBXFileReference; lastKnownFileType = sourcecode.swift; path = FirstViewController.swift; sourceTree = "<group>"; };
		D87ACE9022D378C200C5D6D6 /* SecondViewController.swift */ = {isa = PBXFileReference; lastKnownFileType = sourcecode.swift; path = SecondViewController.swift; sourceTree = "<group>"; };
		D87ACE9322D378C200C5D6D6 /* Base */ = {isa = PBXFileReference; lastKnownFileType = file.storyboard; name = Base; path = Base.lproj/Main.storyboard; sourceTree = "<group>"; };
		D87ACE9522D378C300C5D6D6 /* Assets.xcassets */ = {isa = PBXFileReference; lastKnownFileType = folder.assetcatalog; path = Assets.xcassets; sourceTree = "<group>"; };
		D87ACE9822D378C300C5D6D6 /* Base */ = {isa = PBXFileReference; lastKnownFileType = file.storyboard; name = Base; path = Base.lproj/LaunchScreen.storyboard; sourceTree = "<group>"; };
		D87ACE9A22D378C300C5D6D6 /* Info.plist */ = {isa = PBXFileReference; lastKnownFileType = text.plist.xml; path = Info.plist; sourceTree = "<group>"; };
		D87ACE9F22D378C300C5D6D6 /* ExampleUITests.xctest */ = {isa = PBXFileReference; explicitFileType = wrapper.cfbundle; includeInIndex = 0; path = ExampleUITests.xctest; sourceTree = BUILT_PRODUCTS_DIR; };
		D87ACEA322D378C300C5D6D6 /* ExampleTests.swift */ = {isa = PBXFileReference; lastKnownFileType = sourcecode.swift; path = ExampleTests.swift; sourceTree = "<group>"; };
		D87ACEA522D378C300C5D6D6 /* Info.plist */ = {isa = PBXFileReference; lastKnownFileType = text.plist.xml; path = Info.plist; sourceTree = "<group>"; };
		D87ACEAA22D378C300C5D6D6 /* ExampleUIUITests.xctest */ = {isa = PBXFileReference; explicitFileType = wrapper.cfbundle; includeInIndex = 0; path = ExampleUIUITests.xctest; sourceTree = BUILT_PRODUCTS_DIR; };
		D87ACEB022D378C300C5D6D6 /* Info.plist */ = {isa = PBXFileReference; lastKnownFileType = text.plist.xml; path = Info.plist; sourceTree = "<group>"; };
		D87ACEBF22D39D1900C5D6D6 /* BaseExampleTests.swift */ = {isa = PBXFileReference; lastKnownFileType = sourcecode.swift; path = BaseExampleTests.swift; sourceTree = "<group>"; };
		D87ACEC122D48D1D00C5D6D6 /* ExampleUITest.swift */ = {isa = PBXFileReference; lastKnownFileType = sourcecode.swift; name = ExampleUITest.swift; path = ../Screens/ExampleUITest.swift; sourceTree = "<group>"; };
		D87ACEC322D48D3500C5D6D6 /* ExampleGherkinTest.swift */ = {isa = PBXFileReference; lastKnownFileType = sourcecode.swift; name = ExampleGherkinTest.swift; path = ../Screens/ExampleGherkinTest.swift; sourceTree = "<group>"; };
		D87ACEC522D496B900C5D6D6 /* ExampleSteps.swift */ = {isa = PBXFileReference; lastKnownFileType = sourcecode.swift; path = ExampleSteps.swift; sourceTree = "<group>"; };
		D87ACEC722D499F500C5D6D6 /* FirstScreen.swift */ = {isa = PBXFileReference; lastKnownFileType = sourcecode.swift; path = FirstScreen.swift; sourceTree = "<group>"; };
		D87ACEC922D49C5900C5D6D6 /* ScreenBase.swift */ = {isa = PBXFileReference; lastKnownFileType = sourcecode.swift; path = ScreenBase.swift; sourceTree = "<group>"; };
		D87ACECB22D49FC400C5D6D6 /* SecondScreen.swift */ = {isa = PBXFileReference; lastKnownFileType = sourcecode.swift; path = SecondScreen.swift; sourceTree = "<group>"; };
		E9F7B7E1A4D35262C2A3BCD2 /* Pods-ExampleUITests.release.xcconfig */ = {isa = PBXFileReference; includeInIndex = 1; lastKnownFileType = text.xcconfig; name = "Pods-ExampleUITests.release.xcconfig"; path = "Target Support Files/Pods-ExampleUITests/Pods-ExampleUITests.release.xcconfig"; sourceTree = "<group>"; };
		FE150ED644FE4351D73A8E56 /* Pods-ExampleUIUITests.release.xcconfig */ = {isa = PBXFileReference; includeInIndex = 1; lastKnownFileType = text.xcconfig; name = "Pods-ExampleUIUITests.release.xcconfig"; path = "Target Support Files/Pods-ExampleUIUITests/Pods-ExampleUIUITests.release.xcconfig"; sourceTree = "<group>"; };
/* End PBXFileReference section */

/* Begin PBXFrameworksBuildPhase section */
		D87ACE8622D378C200C5D6D6 /* Frameworks */ = {
			isa = PBXFrameworksBuildPhase;
			buildActionMask = 2147483647;
			files = (
				492673953B8A3B50B6FB0211 /* Pods_ExampleUI.framework in Frameworks */,
			);
			runOnlyForDeploymentPostprocessing = 0;
		};
		D87ACE9C22D378C300C5D6D6 /* Frameworks */ = {
			isa = PBXFrameworksBuildPhase;
			buildActionMask = 2147483647;
			files = (
				EF9BFB91598E5BC9832DEB9F /* Pods_ExampleUITests.framework in Frameworks */,
			);
			runOnlyForDeploymentPostprocessing = 0;
		};
		D87ACEA722D378C300C5D6D6 /* Frameworks */ = {
			isa = PBXFrameworksBuildPhase;
			buildActionMask = 2147483647;
			files = (
				447362EDBCD00ED7D3B5805D /* Pods_ExampleUI_ExampleUIUITests.framework in Frameworks */,
			);
			runOnlyForDeploymentPostprocessing = 0;
		};
/* End PBXFrameworksBuildPhase section */

/* Begin PBXGroup section */
		4DC5F52EEBE872D1F319B557 /* Frameworks */ = {
			isa = PBXGroup;
			children = (
				A1384986AB0BD3AC07F42F92 /* Pods_ExampleUI.framework */,
				017C5FCFC78B200FB11AAF70 /* Pods_ExampleUI_ExampleUIUITests.framework */,
				16810B3EF728A13765D42FB1 /* Pods_ExampleUITests.framework */,
			);
			name = Frameworks;
			sourceTree = "<group>";
		};
		B591DFD7AF37D05D85310EA9 /* Pods */ = {
			isa = PBXGroup;
			children = (
				206323C208C664F2120A4701 /* Pods-ExampleUIUITests.debug.xcconfig */,
				FE150ED644FE4351D73A8E56 /* Pods-ExampleUIUITests.release.xcconfig */,
				35247C9F874BD1F8B0541B6A /* Pods-ExampleUI.debug.xcconfig */,
				14F72E516E341B1CDB1B06BE /* Pods-ExampleUI.release.xcconfig */,
				A7E384111DA2AA787AF64543 /* Pods-ExampleUI-ExampleUIUITests.debug.xcconfig */,
				C47D094B7C81989831367EA8 /* Pods-ExampleUI-ExampleUIUITests.release.xcconfig */,
				1122679A02B83B707FEC6F1F /* Pods-ExampleUITests.debug.xcconfig */,
				E9F7B7E1A4D35262C2A3BCD2 /* Pods-ExampleUITests.release.xcconfig */,
			);
			name = Pods;
			path = ../Pods;
			sourceTree = "<group>";
		};
		D87ACE8022D378C200C5D6D6 = {
			isa = PBXGroup;
			children = (
				D87ACE8B22D378C200C5D6D6 /* ExampleUI */,
				D87ACEA222D378C300C5D6D6 /* ExampleUITests */,
				D87ACEAD22D378C300C5D6D6 /* ExampleUIUITests */,
				D87ACE8A22D378C200C5D6D6 /* Products */,
				B591DFD7AF37D05D85310EA9 /* Pods */,
				4DC5F52EEBE872D1F319B557 /* Frameworks */,
			);
			sourceTree = "<group>";
		};
		D87ACE8A22D378C200C5D6D6 /* Products */ = {
			isa = PBXGroup;
			children = (
				D87ACE8922D378C200C5D6D6 /* ExampleUI.app */,
				D87ACE9F22D378C300C5D6D6 /* ExampleUITests.xctest */,
				D87ACEAA22D378C300C5D6D6 /* ExampleUIUITests.xctest */,
			);
			name = Products;
			sourceTree = "<group>";
		};
		D87ACE8B22D378C200C5D6D6 /* ExampleUI */ = {
			isa = PBXGroup;
			children = (
				D87ACE8C22D378C200C5D6D6 /* AppDelegate.swift */,
				D87ACE8E22D378C200C5D6D6 /* FirstViewController.swift */,
				D87ACE9022D378C200C5D6D6 /* SecondViewController.swift */,
				D87ACE9222D378C200C5D6D6 /* Main.storyboard */,
				D87ACE9522D378C300C5D6D6 /* Assets.xcassets */,
				D87ACE9722D378C300C5D6D6 /* LaunchScreen.storyboard */,
				D87ACE9A22D378C300C5D6D6 /* Info.plist */,
			);
			path = ExampleUI;
			sourceTree = "<group>";
		};
		D87ACEA222D378C300C5D6D6 /* ExampleUITests */ = {
			isa = PBXGroup;
			children = (
				D87ACEA322D378C300C5D6D6 /* ExampleTests.swift */,
				D87ACEA522D378C300C5D6D6 /* Info.plist */,
			);
			path = ExampleUITests;
			sourceTree = "<group>";
		};
		D87ACEAD22D378C300C5D6D6 /* ExampleUIUITests */ = {
			isa = PBXGroup;
			children = (
				D87ACEBE22D39CEE00C5D6D6 /* Features */,
				D87ACEBD22D39CCC00C5D6D6 /* Step Definitions */,
				D87ACEBC22D39CBE00C5D6D6 /* Screens */,
				D87ACEBF22D39D1900C5D6D6 /* BaseExampleTests.swift */,
				D87ACEB022D378C300C5D6D6 /* Info.plist */,
			);
			path = ExampleUIUITests;
			sourceTree = "<group>";
		};
		D87ACEBC22D39CBE00C5D6D6 /* Screens */ = {
			isa = PBXGroup;
			children = (
				D87ACEC722D499F500C5D6D6 /* FirstScreen.swift */,
				D87ACECB22D49FC400C5D6D6 /* SecondScreen.swift */,
				D87ACEC922D49C5900C5D6D6 /* ScreenBase.swift */,
			);
			path = Screens;
			sourceTree = "<group>";
		};
		D87ACEBD22D39CCC00C5D6D6 /* Step Definitions */ = {
			isa = PBXGroup;
			children = (
				D87ACEC522D496B900C5D6D6 /* ExampleSteps.swift */,
			);
			path = "Step Definitions";
			sourceTree = "<group>";
		};
		D87ACEBE22D39CEE00C5D6D6 /* Features */ = {
			isa = PBXGroup;
			children = (
				D87ACEC122D48D1D00C5D6D6 /* ExampleUITest.swift */,
				D87ACEC322D48D3500C5D6D6 /* ExampleGherkinTest.swift */,
			);
			path = Features;
			sourceTree = "<group>";
		};
/* End PBXGroup section */

/* Begin PBXNativeTarget section */
		D87ACE8822D378C200C5D6D6 /* ExampleUI */ = {
			isa = PBXNativeTarget;
			buildConfigurationList = D87ACEB322D378C300C5D6D6 /* Build configuration list for PBXNativeTarget "ExampleUI" */;
			buildPhases = (
				05327E2B2407110A85062754 /* [CP] Check Pods Manifest.lock */,
				D87ACE8522D378C200C5D6D6 /* Sources */,
				D87ACE8622D378C200C5D6D6 /* Frameworks */,
				D87ACE8722D378C200C5D6D6 /* Resources */,
			);
			buildRules = (
			);
			dependencies = (
			);
			name = ExampleUI;
			productName = ExampleUI;
			productReference = D87ACE8922D378C200C5D6D6 /* ExampleUI.app */;
			productType = "com.apple.product-type.application";
		};
		D87ACE9E22D378C300C5D6D6 /* ExampleUITests */ = {
			isa = PBXNativeTarget;
			buildConfigurationList = D87ACEB622D378C300C5D6D6 /* Build configuration list for PBXNativeTarget "ExampleUITests" */;
			buildPhases = (
				A03E39932EE8E8486B78B5A9 /* [CP] Check Pods Manifest.lock */,
				D87ACE9B22D378C300C5D6D6 /* Sources */,
				D87ACE9C22D378C300C5D6D6 /* Frameworks */,
				D87ACE9D22D378C300C5D6D6 /* Resources */,
			);
			buildRules = (
			);
			dependencies = (
				D87ACEA122D378C300C5D6D6 /* PBXTargetDependency */,
			);
			name = ExampleUITests;
			productName = ExampleUITests;
			productReference = D87ACE9F22D378C300C5D6D6 /* ExampleUITests.xctest */;
			productType = "com.apple.product-type.bundle.unit-test";
		};
		D87ACEA922D378C300C5D6D6 /* ExampleUIUITests */ = {
			isa = PBXNativeTarget;
			buildConfigurationList = D87ACEB922D378C300C5D6D6 /* Build configuration list for PBXNativeTarget "ExampleUIUITests" */;
			buildPhases = (
				60FFAC0526C349F5E31D5475 /* [CP] Check Pods Manifest.lock */,
				D87ACEA622D378C300C5D6D6 /* Sources */,
				D87ACEA722D378C300C5D6D6 /* Frameworks */,
				D87ACEA822D378C300C5D6D6 /* Resources */,
				CC65095225B5A33B4D28A10E /* [CP] Embed Pods Frameworks */,
			);
			buildRules = (
			);
			dependencies = (
				D87ACEAC22D378C300C5D6D6 /* PBXTargetDependency */,
			);
			name = ExampleUIUITests;
			productName = ExampleUIUITests;
			productReference = D87ACEAA22D378C300C5D6D6 /* ExampleUIUITests.xctest */;
			productType = "com.apple.product-type.bundle.ui-testing";
		};
/* End PBXNativeTarget section */

/* Begin PBXProject section */
		D87ACE8122D378C200C5D6D6 /* Project object */ = {
			isa = PBXProject;
			attributes = {
				LastSwiftUpdateCheck = 1020;
				LastUpgradeCheck = 1020;
				ORGANIZATIONNAME = "Jason Dobo";
				TargetAttributes = {
					D87ACE8822D378C200C5D6D6 = {
						CreatedOnToolsVersion = 10.2.1;
					};
					D87ACE9E22D378C300C5D6D6 = {
						CreatedOnToolsVersion = 10.2.1;
						TestTargetID = D87ACE8822D378C200C5D6D6;
					};
					D87ACEA922D378C300C5D6D6 = {
						CreatedOnToolsVersion = 10.2.1;
						TestTargetID = D87ACE8822D378C200C5D6D6;
					};
				};
			};
			buildConfigurationList = D87ACE8422D378C200C5D6D6 /* Build configuration list for PBXProject "ExampleUI" */;
			compatibilityVersion = "Xcode 9.3";
			developmentRegion = en;
			hasScannedForEncodings = 0;
			knownRegions = (
				en,
				Base,
			);
			mainGroup = D87ACE8022D378C200C5D6D6;
			productRefGroup = D87ACE8A22D378C200C5D6D6 /* Products */;
			projectDirPath = "";
			projectRoot = "";
			targets = (
				D87ACE8822D378C200C5D6D6 /* ExampleUI */,
				D87ACE9E22D378C300C5D6D6 /* ExampleUITests */,
				D87ACEA922D378C300C5D6D6 /* ExampleUIUITests */,
			);
		};
/* End PBXProject section */

/* Begin PBXResourcesBuildPhase section */
		D87ACE8722D378C200C5D6D6 /* Resources */ = {
			isa = PBXResourcesBuildPhase;
			buildActionMask = 2147483647;
			files = (
				D87ACE9922D378C300C5D6D6 /* LaunchScreen.storyboard in Resources */,
				D87ACE9622D378C300C5D6D6 /* Assets.xcassets in Resources */,
				D87ACE9422D378C200C5D6D6 /* Main.storyboard in Resources */,
			);
			runOnlyForDeploymentPostprocessing = 0;
		};
		D87ACE9D22D378C300C5D6D6 /* Resources */ = {
			isa = PBXResourcesBuildPhase;
			buildActionMask = 2147483647;
			files = (
			);
			runOnlyForDeploymentPostprocessing = 0;
		};
		D87ACEA822D378C300C5D6D6 /* Resources */ = {
			isa = PBXResourcesBuildPhase;
			buildActionMask = 2147483647;
			files = (
			);
			runOnlyForDeploymentPostprocessing = 0;
		};
/* End PBXResourcesBuildPhase section */

/* Begin PBXShellScriptBuildPhase section */
		05327E2B2407110A85062754 /* [CP] Check Pods Manifest.lock */ = {
			isa = PBXShellScriptBuildPhase;
			buildActionMask = 2147483647;
			files = (
			);
			inputFileListPaths = (
			);
			inputPaths = (
				"${PODS_PODFILE_DIR_PATH}/Podfile.lock",
				"${PODS_ROOT}/Manifest.lock",
			);
			name = "[CP] Check Pods Manifest.lock";
			outputFileListPaths = (
			);
			outputPaths = (
				"$(DERIVED_FILE_DIR)/Pods-ExampleUI-checkManifestLockResult.txt",
			);
			runOnlyForDeploymentPostprocessing = 0;
			shellPath = /bin/sh;
			shellScript = "diff \"${PODS_PODFILE_DIR_PATH}/Podfile.lock\" \"${PODS_ROOT}/Manifest.lock\" > /dev/null\nif [ $? != 0 ] ; then\n    # print error to STDERR\n    echo \"error: The sandbox is not in sync with the Podfile.lock. Run 'pod install' or update your CocoaPods installation.\" >&2\n    exit 1\nfi\n# This output is used by Xcode 'outputs' to avoid re-running this script phase.\necho \"SUCCESS\" > \"${SCRIPT_OUTPUT_FILE_0}\"\n";
			showEnvVarsInLog = 0;
		};
		60FFAC0526C349F5E31D5475 /* [CP] Check Pods Manifest.lock */ = {
			isa = PBXShellScriptBuildPhase;
			buildActionMask = 2147483647;
			files = (
			);
			inputFileListPaths = (
			);
			inputPaths = (
				"${PODS_PODFILE_DIR_PATH}/Podfile.lock",
				"${PODS_ROOT}/Manifest.lock",
			);
			name = "[CP] Check Pods Manifest.lock";
			outputFileListPaths = (
			);
			outputPaths = (
				"$(DERIVED_FILE_DIR)/Pods-ExampleUI-ExampleUIUITests-checkManifestLockResult.txt",
			);
			runOnlyForDeploymentPostprocessing = 0;
			shellPath = /bin/sh;
			shellScript = "diff \"${PODS_PODFILE_DIR_PATH}/Podfile.lock\" \"${PODS_ROOT}/Manifest.lock\" > /dev/null\nif [ $? != 0 ] ; then\n    # print error to STDERR\n    echo \"error: The sandbox is not in sync with the Podfile.lock. Run 'pod install' or update your CocoaPods installation.\" >&2\n    exit 1\nfi\n# This output is used by Xcode 'outputs' to avoid re-running this script phase.\necho \"SUCCESS\" > \"${SCRIPT_OUTPUT_FILE_0}\"\n";
			showEnvVarsInLog = 0;
		};
		A03E39932EE8E8486B78B5A9 /* [CP] Check Pods Manifest.lock */ = {
			isa = PBXShellScriptBuildPhase;
			buildActionMask = 2147483647;
			files = (
			);
			inputFileListPaths = (
			);
			inputPaths = (
				"${PODS_PODFILE_DIR_PATH}/Podfile.lock",
				"${PODS_ROOT}/Manifest.lock",
			);
			name = "[CP] Check Pods Manifest.lock";
			outputFileListPaths = (
			);
			outputPaths = (
				"$(DERIVED_FILE_DIR)/Pods-ExampleUITests-checkManifestLockResult.txt",
			);
			runOnlyForDeploymentPostprocessing = 0;
			shellPath = /bin/sh;
			shellScript = "diff \"${PODS_PODFILE_DIR_PATH}/Podfile.lock\" \"${PODS_ROOT}/Manifest.lock\" > /dev/null\nif [ $? != 0 ] ; then\n    # print error to STDERR\n    echo \"error: The sandbox is not in sync with the Podfile.lock. Run 'pod install' or update your CocoaPods installation.\" >&2\n    exit 1\nfi\n# This output is used by Xcode 'outputs' to avoid re-running this script phase.\necho \"SUCCESS\" > \"${SCRIPT_OUTPUT_FILE_0}\"\n";
			showEnvVarsInLog = 0;
		};
		CC65095225B5A33B4D28A10E /* [CP] Embed Pods Frameworks */ = {
			isa = PBXShellScriptBuildPhase;
			buildActionMask = 2147483647;
			files = (
			);
			inputFileListPaths = (
				"${PODS_ROOT}/Target Support Files/Pods-ExampleUI-ExampleUIUITests/Pods-ExampleUI-ExampleUIUITests-frameworks-${CONFIGURATION}-input-files.xcfilelist",
			);
			name = "[CP] Embed Pods Frameworks";
			outputFileListPaths = (
				"${PODS_ROOT}/Target Support Files/Pods-ExampleUI-ExampleUIUITests/Pods-ExampleUI-ExampleUIUITests-frameworks-${CONFIGURATION}-output-files.xcfilelist",
			);
			runOnlyForDeploymentPostprocessing = 0;
			shellPath = /bin/sh;
			shellScript = "\"${PODS_ROOT}/Target Support Files/Pods-ExampleUI-ExampleUIUITests/Pods-ExampleUI-ExampleUIUITests-frameworks.sh\"\n";
			showEnvVarsInLog = 0;
		};
/* End PBXShellScriptBuildPhase section */

/* Begin PBXSourcesBuildPhase section */
		D87ACE8522D378C200C5D6D6 /* Sources */ = {
			isa = PBXSourcesBuildPhase;
			buildActionMask = 2147483647;
			files = (
				D87ACE9122D378C200C5D6D6 /* SecondViewController.swift in Sources */,
				D87ACE8D22D378C200C5D6D6 /* AppDelegate.swift in Sources */,
				D87ACE8F22D378C200C5D6D6 /* FirstViewController.swift in Sources */,
			);
			runOnlyForDeploymentPostprocessing = 0;
		};
		D87ACE9B22D378C300C5D6D6 /* Sources */ = {
			isa = PBXSourcesBuildPhase;
			buildActionMask = 2147483647;
			files = (
				D87ACEA422D378C300C5D6D6 /* ExampleTests.swift in Sources */,
			);
			runOnlyForDeploymentPostprocessing = 0;
		};
		D87ACEA622D378C300C5D6D6 /* Sources */ = {
			isa = PBXSourcesBuildPhase;
			buildActionMask = 2147483647;
			files = (
				D87ACEC222D48D1D00C5D6D6 /* ExampleUITest.swift in Sources */,
				D87ACEC822D499F500C5D6D6 /* FirstScreen.swift in Sources */,
				D87ACECC22D49FC400C5D6D6 /* SecondScreen.swift in Sources */,
				D87ACEC622D496B900C5D6D6 /* ExampleSteps.swift in Sources */,
				D87ACECA22D49C5900C5D6D6 /* ScreenBase.swift in Sources */,
				D87ACEC022D39D1900C5D6D6 /* BaseExampleTests.swift in Sources */,
				D87ACEC422D48D3500C5D6D6 /* ExampleGherkinTest.swift in Sources */,
			);
			runOnlyForDeploymentPostprocessing = 0;
		};
/* End PBXSourcesBuildPhase section */

/* Begin PBXTargetDependency section */
		D87ACEA122D378C300C5D6D6 /* PBXTargetDependency */ = {
			isa = PBXTargetDependency;
			target = D87ACE8822D378C200C5D6D6 /* ExampleUI */;
			targetProxy = D87ACEA022D378C300C5D6D6 /* PBXContainerItemProxy */;
		};
		D87ACEAC22D378C300C5D6D6 /* PBXTargetDependency */ = {
			isa = PBXTargetDependency;
			target = D87ACE8822D378C200C5D6D6 /* ExampleUI */;
			targetProxy = D87ACEAB22D378C300C5D6D6 /* PBXContainerItemProxy */;
		};
/* End PBXTargetDependency section */

/* Begin PBXVariantGroup section */
		D87ACE9222D378C200C5D6D6 /* Main.storyboard */ = {
			isa = PBXVariantGroup;
			children = (
				D87ACE9322D378C200C5D6D6 /* Base */,
			);
			name = Main.storyboard;
			sourceTree = "<group>";
		};
		D87ACE9722D378C300C5D6D6 /* LaunchScreen.storyboard */ = {
			isa = PBXVariantGroup;
			children = (
				D87ACE9822D378C300C5D6D6 /* Base */,
			);
			name = LaunchScreen.storyboard;
			sourceTree = "<group>";
		};
/* End PBXVariantGroup section */

/* Begin XCBuildConfiguration section */
		D87ACEB122D378C300C5D6D6 /* Debug */ = {
			isa = XCBuildConfiguration;
			buildSettings = {
				ALWAYS_SEARCH_USER_PATHS = NO;
				CLANG_ANALYZER_NONNULL = YES;
				CLANG_ANALYZER_NUMBER_OBJECT_CONVERSION = YES_AGGRESSIVE;
				CLANG_CXX_LANGUAGE_STANDARD = "gnu++14";
				CLANG_CXX_LIBRARY = "libc++";
				CLANG_ENABLE_MODULES = YES;
				CLANG_ENABLE_OBJC_ARC = YES;
				CLANG_ENABLE_OBJC_WEAK = YES;
				CLANG_WARN_BLOCK_CAPTURE_AUTORELEASING = YES;
				CLANG_WARN_BOOL_CONVERSION = YES;
				CLANG_WARN_COMMA = YES;
				CLANG_WARN_CONSTANT_CONVERSION = YES;
				CLANG_WARN_DEPRECATED_OBJC_IMPLEMENTATIONS = YES;
				CLANG_WARN_DIRECT_OBJC_ISA_USAGE = YES_ERROR;
				CLANG_WARN_DOCUMENTATION_COMMENTS = YES;
				CLANG_WARN_EMPTY_BODY = YES;
				CLANG_WARN_ENUM_CONVERSION = YES;
				CLANG_WARN_INFINITE_RECURSION = YES;
				CLANG_WARN_INT_CONVERSION = YES;
				CLANG_WARN_NON_LITERAL_NULL_CONVERSION = YES;
				CLANG_WARN_OBJC_IMPLICIT_RETAIN_SELF = YES;
				CLANG_WARN_OBJC_LITERAL_CONVERSION = YES;
				CLANG_WARN_OBJC_ROOT_CLASS = YES_ERROR;
				CLANG_WARN_RANGE_LOOP_ANALYSIS = YES;
				CLANG_WARN_STRICT_PROTOTYPES = YES;
				CLANG_WARN_SUSPICIOUS_MOVE = YES;
				CLANG_WARN_UNGUARDED_AVAILABILITY = YES_AGGRESSIVE;
				CLANG_WARN_UNREACHABLE_CODE = YES;
				CLANG_WARN__DUPLICATE_METHOD_MATCH = YES;
				CODE_SIGN_IDENTITY = "iPhone Developer";
				COPY_PHASE_STRIP = NO;
				DEBUG_INFORMATION_FORMAT = dwarf;
				ENABLE_STRICT_OBJC_MSGSEND = YES;
				ENABLE_TESTABILITY = YES;
				GCC_C_LANGUAGE_STANDARD = gnu11;
				GCC_DYNAMIC_NO_PIC = NO;
				GCC_NO_COMMON_BLOCKS = YES;
				GCC_OPTIMIZATION_LEVEL = 0;
				GCC_PREPROCESSOR_DEFINITIONS = (
					"DEBUG=1",
					"$(inherited)",
				);
				GCC_WARN_64_TO_32_BIT_CONVERSION = YES;
				GCC_WARN_ABOUT_RETURN_TYPE = YES_ERROR;
				GCC_WARN_UNDECLARED_SELECTOR = YES;
				GCC_WARN_UNINITIALIZED_AUTOS = YES_AGGRESSIVE;
				GCC_WARN_UNUSED_FUNCTION = YES;
				GCC_WARN_UNUSED_VARIABLE = YES;
				IPHONEOS_DEPLOYMENT_TARGET = 12.2;
				MTL_ENABLE_DEBUG_INFO = INCLUDE_SOURCE;
				MTL_FAST_MATH = YES;
				ONLY_ACTIVE_ARCH = YES;
				SDKROOT = iphoneos;
				SWIFT_ACTIVE_COMPILATION_CONDITIONS = DEBUG;
				SWIFT_OPTIMIZATION_LEVEL = "-Onone";
			};
			name = Debug;
		};
		D87ACEB222D378C300C5D6D6 /* Release */ = {
			isa = XCBuildConfiguration;
			buildSettings = {
				ALWAYS_SEARCH_USER_PATHS = NO;
				CLANG_ANALYZER_NONNULL = YES;
				CLANG_ANALYZER_NUMBER_OBJECT_CONVERSION = YES_AGGRESSIVE;
				CLANG_CXX_LANGUAGE_STANDARD = "gnu++14";
				CLANG_CXX_LIBRARY = "libc++";
				CLANG_ENABLE_MODULES = YES;
				CLANG_ENABLE_OBJC_ARC = YES;
				CLANG_ENABLE_OBJC_WEAK = YES;
				CLANG_WARN_BLOCK_CAPTURE_AUTORELEASING = YES;
				CLANG_WARN_BOOL_CONVERSION = YES;
				CLANG_WARN_COMMA = YES;
				CLANG_WARN_CONSTANT_CONVERSION = YES;
				CLANG_WARN_DEPRECATED_OBJC_IMPLEMENTATIONS = YES;
				CLANG_WARN_DIRECT_OBJC_ISA_USAGE = YES_ERROR;
				CLANG_WARN_DOCUMENTATION_COMMENTS = YES;
				CLANG_WARN_EMPTY_BODY = YES;
				CLANG_WARN_ENUM_CONVERSION = YES;
				CLANG_WARN_INFINITE_RECURSION = YES;
				CLANG_WARN_INT_CONVERSION = YES;
				CLANG_WARN_NON_LITERAL_NULL_CONVERSION = YES;
				CLANG_WARN_OBJC_IMPLICIT_RETAIN_SELF = YES;
				CLANG_WARN_OBJC_LITERAL_CONVERSION = YES;
				CLANG_WARN_OBJC_ROOT_CLASS = YES_ERROR;
				CLANG_WARN_RANGE_LOOP_ANALYSIS = YES;
				CLANG_WARN_STRICT_PROTOTYPES = YES;
				CLANG_WARN_SUSPICIOUS_MOVE = YES;
				CLANG_WARN_UNGUARDED_AVAILABILITY = YES_AGGRESSIVE;
				CLANG_WARN_UNREACHABLE_CODE = YES;
				CLANG_WARN__DUPLICATE_METHOD_MATCH = YES;
				CODE_SIGN_IDENTITY = "iPhone Developer";
				COPY_PHASE_STRIP = NO;
				DEBUG_INFORMATION_FORMAT = "dwarf-with-dsym";
				ENABLE_NS_ASSERTIONS = NO;
				ENABLE_STRICT_OBJC_MSGSEND = YES;
				GCC_C_LANGUAGE_STANDARD = gnu11;
				GCC_NO_COMMON_BLOCKS = YES;
				GCC_WARN_64_TO_32_BIT_CONVERSION = YES;
				GCC_WARN_ABOUT_RETURN_TYPE = YES_ERROR;
				GCC_WARN_UNDECLARED_SELECTOR = YES;
				GCC_WARN_UNINITIALIZED_AUTOS = YES_AGGRESSIVE;
				GCC_WARN_UNUSED_FUNCTION = YES;
				GCC_WARN_UNUSED_VARIABLE = YES;
				IPHONEOS_DEPLOYMENT_TARGET = 12.2;
				MTL_ENABLE_DEBUG_INFO = NO;
				MTL_FAST_MATH = YES;
				SDKROOT = iphoneos;
				SWIFT_COMPILATION_MODE = wholemodule;
				SWIFT_OPTIMIZATION_LEVEL = "-O";
				VALIDATE_PRODUCT = YES;
			};
			name = Release;
		};
		D87ACEB422D378C300C5D6D6 /* Debug */ = {
			isa = XCBuildConfiguration;
			baseConfigurationReference = 35247C9F874BD1F8B0541B6A /* Pods-ExampleUI.debug.xcconfig */;
			buildSettings = {
				ASSETCATALOG_COMPILER_APPICON_NAME = AppIcon;
				CODE_SIGN_STYLE = Automatic;
				DEVELOPMENT_TEAM = 4WX49PGMXZ;
				INFOPLIST_FILE = ExampleUI/Info.plist;
				LD_RUNPATH_SEARCH_PATHS = (
					"$(inherited)",
					"@executable_path/Frameworks",
				);
				PRODUCT_BUNDLE_IDENTIFIER = com.jason.automation.xctest.ExampleUI;
				PRODUCT_NAME = "$(TARGET_NAME)";
				SWIFT_VERSION = 5.0;
				TARGETED_DEVICE_FAMILY = "1,2";
			};
			name = Debug;
		};
		D87ACEB522D378C300C5D6D6 /* Release */ = {
			isa = XCBuildConfiguration;
			baseConfigurationReference = 14F72E516E341B1CDB1B06BE /* Pods-ExampleUI.release.xcconfig */;
			buildSettings = {
				ASSETCATALOG_COMPILER_APPICON_NAME = AppIcon;
				CODE_SIGN_STYLE = Automatic;
				DEVELOPMENT_TEAM = 4WX49PGMXZ;
				INFOPLIST_FILE = ExampleUI/Info.plist;
				LD_RUNPATH_SEARCH_PATHS = (
					"$(inherited)",
					"@executable_path/Frameworks",
				);
				PRODUCT_BUNDLE_IDENTIFIER = com.jason.automation.xctest.ExampleUI;
				PRODUCT_NAME = "$(TARGET_NAME)";
				SWIFT_VERSION = 5.0;
				TARGETED_DEVICE_FAMILY = "1,2";
			};
			name = Release;
		};
		D87ACEB722D378C300C5D6D6 /* Debug */ = {
			isa = XCBuildConfiguration;
			baseConfigurationReference = 1122679A02B83B707FEC6F1F /* Pods-ExampleUITests.debug.xcconfig */;
			buildSettings = {
				BUNDLE_LOADER = "$(TEST_HOST)";
				CODE_SIGN_STYLE = Automatic;
				DEVELOPMENT_TEAM = 4WX49PGMXZ;
				INFOPLIST_FILE = ExampleUITests/Info.plist;
				LD_RUNPATH_SEARCH_PATHS = (
					"$(inherited)",
					"@executable_path/Frameworks",
					"@loader_path/Frameworks",
				);
				PRODUCT_BUNDLE_IDENTIFIER = com.jason.automation.xctest.ExampleUITests;
				PRODUCT_NAME = "$(TARGET_NAME)";
				SWIFT_VERSION = 5.0;
				TARGETED_DEVICE_FAMILY = "1,2";
				TEST_HOST = "$(BUILT_PRODUCTS_DIR)/ExampleUI.app/ExampleUI";
			};
			name = Debug;
		};
		D87ACEB822D378C300C5D6D6 /* Release */ = {
			isa = XCBuildConfiguration;
			baseConfigurationReference = E9F7B7E1A4D35262C2A3BCD2 /* Pods-ExampleUITests.release.xcconfig */;
			buildSettings = {
				BUNDLE_LOADER = "$(TEST_HOST)";
				CODE_SIGN_STYLE = Automatic;
				DEVELOPMENT_TEAM = 4WX49PGMXZ;
				INFOPLIST_FILE = ExampleUITests/Info.plist;
				LD_RUNPATH_SEARCH_PATHS = (
					"$(inherited)",
					"@executable_path/Frameworks",
					"@loader_path/Frameworks",
				);
				PRODUCT_BUNDLE_IDENTIFIER = com.jason.automation.xctest.ExampleUITests;
				PRODUCT_NAME = "$(TARGET_NAME)";
				SWIFT_VERSION = 5.0;
				TARGETED_DEVICE_FAMILY = "1,2";
				TEST_HOST = "$(BUILT_PRODUCTS_DIR)/ExampleUI.app/ExampleUI";
			};
			name = Release;
		};
		D87ACEBA22D378C300C5D6D6 /* Debug */ = {
			isa = XCBuildConfiguration;
			baseConfigurationReference = A7E384111DA2AA787AF64543 /* Pods-ExampleUI-ExampleUIUITests.debug.xcconfig */;
			buildSettings = {
				CODE_SIGN_STYLE = Automatic;
				DEVELOPMENT_TEAM = 4WX49PGMXZ;
				INFOPLIST_FILE = ExampleUIUITests/Info.plist;
				LD_RUNPATH_SEARCH_PATHS = (
					"$(inherited)",
					"@executable_path/Frameworks",
					"@loader_path/Frameworks",
				);
				PRODUCT_BUNDLE_IDENTIFIER = com.jason.automation.xctest.ExampleUIUITests;
				PRODUCT_NAME = "$(TARGET_NAME)";
				SWIFT_VERSION = 5.0;
				TARGETED_DEVICE_FAMILY = "1,2";
				TEST_TARGET_NAME = ExampleUI;
			};
			name = Debug;
		};
		D87ACEBB22D378C300C5D6D6 /* Release */ = {
			isa = XCBuildConfiguration;
			baseConfigurationReference = C47D094B7C81989831367EA8 /* Pods-ExampleUI-ExampleUIUITests.release.xcconfig */;
			buildSettings = {
				CODE_SIGN_STYLE = Automatic;
				DEVELOPMENT_TEAM = 4WX49PGMXZ;
				INFOPLIST_FILE = ExampleUIUITests/Info.plist;
				LD_RUNPATH_SEARCH_PATHS = (
					"$(inherited)",
					"@executable_path/Frameworks",
					"@loader_path/Frameworks",
				);
				PRODUCT_BUNDLE_IDENTIFIER = com.jason.automation.xctest.ExampleUIUITests;
				PRODUCT_NAME = "$(TARGET_NAME)";
				SWIFT_VERSION = 5.0;
				TARGETED_DEVICE_FAMILY = "1,2";
				TEST_TARGET_NAME = ExampleUI;
			};
			name = Release;
		};
/* End XCBuildConfiguration section */

/* Begin XCConfigurationList section */
		D87ACE8422D378C200C5D6D6 /* Build configuration list for PBXProject "ExampleUI" */ = {
			isa = XCConfigurationList;
			buildConfigurations = (
				D87ACEB122D378C300C5D6D6 /* Debug */,
				D87ACEB222D378C300C5D6D6 /* Release */,
			);
			defaultConfigurationIsVisible = 0;
			defaultConfigurationName = Release;
		};
		D87ACEB322D378C300C5D6D6 /* Build configuration list for PBXNativeTarget "ExampleUI" */ = {
			isa = XCConfigurationList;
			buildConfigurations = (
				D87ACEB422D378C300C5D6D6 /* Debug */,
				D87ACEB522D378C300C5D6D6 /* Release */,
			);
			defaultConfigurationIsVisible = 0;
			defaultConfigurationName = Release;
		};
		D87ACEB622D378C300C5D6D6 /* Build configuration list for PBXNativeTarget "ExampleUITests" */ = {
			isa = XCConfigurationList;
			buildConfigurations = (
				D87ACEB722D378C300C5D6D6 /* Debug */,
				D87ACEB822D378C300C5D6D6 /* Release */,
			);
			defaultConfigurationIsVisible = 0;
			defaultConfigurationName = Release;
		};
		D87ACEB922D378C300C5D6D6 /* Build configuration list for PBXNativeTarget "ExampleUIUITests" */ = {
			isa = XCConfigurationList;
			buildConfigurations = (
				D87ACEBA22D378C300C5D6D6 /* Debug */,
				D87ACEBB22D378C300C5D6D6 /* Release */,
			);
			defaultConfigurationIsVisible = 0;
			defaultConfigurationName = Release;
		};
/* End XCConfigurationList section */
	};
	rootObject = D87ACE8122D378C200C5D6D6 /* Project object */;
}
